
Microsoft Visual Studio Solution File, Format Version 12.00
# Visual Studio 15
VisualStudioVersion = 15.0.27130.2036
MinimumVisualStudioVersion = 10.0.40219.1
Project("{FAE04EC0-301F-11D3-BF4B-00C04F79EFBC}") = "x3270ifSimple", "x3270ifSimple\x3270ifSimple.csproj", "{7F0A51E9-AD63-4387-8B0B-91C4DE49A1B6}"
EndProject
Project("{FAE04EC0-301F-11D3-BF4B-00C04F79EFBC}") = "TestApp", "TestApp\TestApp.csproj", "{3C82F479-1D16-467B-9A8E-06FC450B6BA0}"
EndProject
Project("{FAE04EC0-301F-11D3-BF4B-00C04F79EFBC}") = "PeerTestApp", "PeerTestApp\PeerTestApp.csproj", "{C328DA08-85B4-4702-9483-E3DCA3FE49DA}"
EndProject
Project("{FAE04EC0-301F-11D3-BF4B-00C04F79EFBC}") = "UnitTests", "UnitTests\UnitTests.csproj", "{41728C14-A9D7-498C-9EEF-3862BDF3BE8C}"
EndProject
Project("{2150E333-8FDC-42A3-9474-1A3956D46DE8}") = "Solution Items", "Solution Items", "{F3D6C0DC-6E26-4B85-B963-0AC88762E805}"
	ProjectSection(SolutionItems) = preProject
		LICENSE = LICENSE
		README.md = README.md
	EndProjectSection
EndProject
Global
	GlobalSection(SolutionConfigurationPlatforms) = preSolution
		Debug|Any CPU = Debug|Any CPU
		Debug|x64 = Debug|x64
		Debug|x86 = Debug|x86
		Release|Any CPU = Release|Any CPU
		Release|x64 = Release|x64
		Release|x86 = Release|x86
	EndGlobalSection
	GlobalSection(ProjectConfigurationPlatforms) = postSolution
		{7F0A51E9-AD63-4387-8B0B-91C4DE49A1B6}.Debug|Any CPU.ActiveCfg = Debug|Any CPU
		{7F0A51E9-AD63-4387-8B0B-91C4DE49A1B6}.Debug|Any CPU.Build.0 = Debug|Any CPU
		{7F0A51E9-AD63-4387-8B0B-91C4DE49A1B6}.Debug|x64.ActiveCfg = Debug|x64
		{7F0A51E9-AD63-4387-8B0B-91C4DE49A1B6}.Debug|x64.Build.0 = Debug|x64
		{7F0A51E9-AD63-4387-8B0B-91C4DE49A1B6}.Debug|x86.ActiveCfg = Debug|x86
		{7F0A51E9-AD63-4387-8B0B-91C4DE49A1B6}.Debug|x86.Build.0 = Debug|x86
		{7F0A51E9-AD63-4387-8B0B-91C4DE49A1B6}.Release|Any CPU.ActiveCfg = Release|Any CPU
		{7F0A51E9-AD63-4387-8B0B-91C4DE49A1B6}.Release|Any CPU.Build.0 = Release|Any CPU
		{7F0A51E9-AD63-4387-8B0B-91C4DE49A1B6}.Release|x64.ActiveCfg = Release|x64
		{7F0A51E9-AD63-4387-8B0B-91C4DE49A1B6}.Release|x64.Build.0 = Release|x64
		{7F0A51E9-AD63-4387-8B0B-91C4DE49A1B6}.Release|x86.ActiveCfg = Release|x86
		{7F0A51E9-AD63-4387-8B0B-91C4DE49A1B6}.Release|x86.Build.0 = Release|x86
		{3C82F479-1D16-467B-9A8E-06FC450B6BA0}.Debug|Any CPU.ActiveCfg = Debug|Any CPU
		{3C82F479-1D16-467B-9A8E-06FC450B6BA0}.Debug|Any CPU.Build.0 = Debug|Any CPU
		{3C82F479-1D16-467B-9A8E-06FC450B6BA0}.Debug|x64.ActiveCfg = Debug|x64
		{3C82F479-1D16-467B-9A8E-06FC450B6BA0}.Debug|x64.Build.0 = Debug|x64
		{3C82F479-1D16-467B-9A8E-06FC450B6BA0}.Debug|x86.ActiveCfg = Debug|x86
		{3C82F479-1D16-467B-9A8E-06FC450B6BA0}.Debug|x86.Build.0 = Debug|x86
		{3C82F479-1D16-467B-9A8E-06FC450B6BA0}.Release|Any CPU.ActiveCfg = Release|Any CPU
		{3C82F479-1D16-467B-9A8E-06FC450B6BA0}.Release|Any CPU.Build.0 = Release|Any CPU
		{3C82F479-1D16-467B-9A8E-06FC450B6BA0}.Release|x64.ActiveCfg = Release|x64
		{3C82F479-1D16-467B-9A8E-06FC450B6BA0}.Release|x64.Build.0 = Release|x64
		{3C82F479-1D16-467B-9A8E-06FC450B6BA0}.Release|x86.ActiveCfg = Release|x86
		{3C82F479-1D16-467B-9A8E-06FC450B6BA0}.Release|x86.Build.0 = Release|x86
		{C328DA08-85B4-4702-9483-E3DCA3FE49DA}.Debug|Any CPU.ActiveCfg = Debug|Any CPU
		{C328DA08-85B4-4702-9483-E3DCA3FE49DA}.Debug|Any CPU.Build.0 = Debug|Any CPU
		{C328DA08-85B4-4702-9483-E3DCA3FE49DA}.Debug|x64.ActiveCfg = Debug|x64
		{C328DA08-85B4-4702-9483-E3DCA3FE49DA}.Debug|x64.Build.0 = Debug|x64
		{C328DA08-85B4-4702-9483-E3DCA3FE49DA}.Debug|x86.ActiveCfg = Debug|x86
		{C328DA08-85B4-4702-9483-E3DCA3FE49DA}.Debug|x86.Build.0 = Debug|x86
		{C328DA08-85B4-4702-9483-E3DCA3FE49DA}.Release|Any CPU.ActiveCfg = Release|Any CPU
		{C328DA08-85B4-4702-9483-E3DCA3FE49DA}.Release|Any CPU.Build.0 = Release|Any CPU
		{C328DA08-85B4-4702-9483-E3DCA3FE49DA}.Release|x64.ActiveCfg = Release|x64
		{C328DA08-85B4-4702-9483-E3DCA3FE49DA}.Release|x64.Build.0 = Release|x64
		{C328DA08-85B4-4702-9483-E3DCA3FE49DA}.Release|x86.ActiveCfg = Release|x86
		{C328DA08-85B4-4702-9483-E3DCA3FE49DA}.Release|x86.Build.0 = Release|x86
		{41728C14-A9D7-498C-9EEF-3862BDF3BE8C}.Debug|Any CPU.ActiveCfg = Debug|Any CPU
		{41728C14-A9D7-498C-9EEF-3862BDF3BE8C}.Debug|Any CPU.Build.0 = Debug|Any CPU
		{41728C14-A9D7-498C-9EEF-3862BDF3BE8C}.Debug|x64.ActiveCfg = Debug|x64
		{41728C14-A9D7-498C-9EEF-3862BDF3BE8C}.Debug|x64.Build.0 = Debug|x64
		{41728C14-A9D7-498C-9EEF-3862BDF3BE8C}.Debug|x86.ActiveCfg = Debug|x86
		{41728C14-A9D7-498C-9EEF-3862BDF3BE8C}.Debug|x86.Build.0 = Debug|x86
		{41728C14-A9D7-498C-9EEF-3862BDF3BE8C}.Release|Any CPU.ActiveCfg = Release|Any CPU
		{41728C14-A9D7-498C-9EEF-3862BDF3BE8C}.Release|Any CPU.Build.0 = Release|Any CPU
		{41728C14-A9D7-498C-9EEF-3862BDF3BE8C}.Release|x64.ActiveCfg = Release|x64
		{41728C14-A9D7-498C-9EEF-3862BDF3BE8C}.Release|x64.Build.0 = Release|x64
		{41728C14-A9D7-498C-9EEF-3862BDF3BE8C}.Release|x86.ActiveCfg = Release|x86
		{41728C14-A9D7-498C-9EEF-3862BDF3BE8C}.Release|x86.Build.0 = Release|x86
	EndGlobalSection
	GlobalSection(SolutionProperties) = preSolution
		HideSolutionNode = FALSE
	EndGlobalSection
	GlobalSection(ExtensibilityGlobals) = postSolution
		SolutionGuid = {804DE784-A85D-4BE7-8302-8A8885B1BCDF}
	EndGlobalSection
EndGlobal
